// !$*UTF8*$!
{
	archiveVersion = 1;
	classes = {
	};
	objectVersion = 46;
	objects = {

/* Begin PBXBuildFile section */
		98A8E0021F1262380046538E /* BezierUtilsLicense in Resources */ = {isa = PBXBuildFile; fileRef = 98A8DFF31F1262380046538E /* BezierUtilsLicense */; };
		98A8E0031F1262380046538E /* bezier-utils.cpp in Sources */ = {isa = PBXBuildFile; fileRef = 98A8DFF41F1262380046538E /* bezier-utils.cpp */; };
		98A8E0041F1262380046538E /* matrix.cpp in Sources */ = {isa = PBXBuildFile; fileRef = 98A8DFF71F1262380046538E /* matrix.cpp */; };
		98A8E0051F1262380046538E /* point.cpp in Sources */ = {isa = PBXBuildFile; fileRef = 98A8DFF91F1262380046538E /* point.cpp */; };
		98A8E0061F1262380046538E /* transforms.cpp in Sources */ = {isa = PBXBuildFile; fileRef = 98A8DFFB1F1262380046538E /* transforms.cpp */; };
		98A8E0071F1262380046538E /* bezier-clipping.mm in Sources */ = {isa = PBXBuildFile; fileRef = 98A8E0001F1262380046538E /* bezier-clipping.mm */; };
		98A8E00D1F12624D0046538E /* bezierclip.cxx in Sources */ = {isa = PBXBuildFile; fileRef = 98A8E00B1F12624D0046538E /* bezierclip.cxx */; };
		98A8E00E1F12624D0046538E /* convexhull.cxx in Sources */ = {isa = PBXBuildFile; fileRef = 98A8E00C1F12624D0046538E /* convexhull.cxx */; };
		98A8E0121F1262640046538E /* NearestPoint.c in Sources */ = {isa = PBXBuildFile; fileRef = 98A8E0111F1262640046538E /* NearestPoint.c */; };
		98A8E04E1F1262890046538E /* JRSwizzle.m in Sources */ = {isa = PBXBuildFile; fileRef = 98A8E0151F1262880046538E /* JRSwizzle.m */; };
		98A8E04F1F1262890046538E /* DKVector.m in Sources */ = {isa = PBXBuildFile; fileRef = 98A8E0171F1262880046538E /* DKVector.m */; };
		98A8E0501F1262890046538E /* MMBackwardCompatible.m in Sources */ = {isa = PBXBuildFile; fileRef = 98A8E01A1F1262880046538E /* MMBackwardCompatible.m */; };
		98A8E0511F1262890046538E /* UIBezierPath+Clipping.mm in Sources */ = {isa = PBXBuildFile; fileRef = 98A8E01D1F1262880046538E /* UIBezierPath+Clipping.mm */; };
		98A8E0521F1262890046538E /* UIBezierPath+GeometryExtras.m in Sources */ = {isa = PBXBuildFile; fileRef = 98A8E01F1F1262880046538E /* UIBezierPath+GeometryExtras.m */; };
		98A8E0531F1262890046538E /* UIBezierPath+DKOSX.m in Sources */ = {isa = PBXBuildFile; fileRef = 98A8E0211F1262880046538E /* UIBezierPath+DKOSX.m */; };
		98A8E0541F1262890046538E /* UIBezierPath+Intersections.m in Sources */ = {isa = PBXBuildFile; fileRef = 98A8E0231F1262880046538E /* UIBezierPath+Intersections.m */; };
		98A8E0551F1262890046538E /* UIBezierPath+Ahmed.m in Sources */ = {isa = PBXBuildFile; fileRef = 98A8E0251F1262880046538E /* UIBezierPath+Ahmed.m */; settings = {COMPILER_FLAGS = "-fno-objc-arc"; }; };
		98A8E0561F1262890046538E /* DKUIBezierPathClippedSegment.m in Sources */ = {isa = PBXBuildFile; fileRef = 98A8E0281F1262880046538E /* DKUIBezierPathClippedSegment.m */; };
		98A8E0571F1262890046538E /* DKUIBezierPathClippingResult.m in Sources */ = {isa = PBXBuildFile; fileRef = 98A8E02A1F1262880046538E /* DKUIBezierPathClippingResult.m */; };
		98A8E0581F1262890046538E /* DKUIBezierPathIntersectionPoint.m in Sources */ = {isa = PBXBuildFile; fileRef = 98A8E02D1F1262890046538E /* DKUIBezierPathIntersectionPoint.m */; };
		98A8E0591F1262890046538E /* DKUIBezierUnmatchedPathIntersectionPoint.m in Sources */ = {isa = PBXBuildFile; fileRef = 98A8E02F1F1262890046538E /* DKUIBezierUnmatchedPathIntersectionPoint.m */; };
		98A8E05A1F1262890046538E /* DKUIBezierPathShape.m in Sources */ = {isa = PBXBuildFile; fileRef = 98A8E0311F1262890046538E /* DKUIBezierPathShape.m */; };
		98A8E05B1F1262890046538E /* DKTangentAtPoint.m in Sources */ = {isa = PBXBuildFile; fileRef = 98A8E0331F1262890046538E /* DKTangentAtPoint.m */; };
		98A8E05C1F1262890046538E /* DKIntersectionOfPaths.m in Sources */ = {isa = PBXBuildFile; fileRef = 98A8E0351F1262890046538E /* DKIntersectionOfPaths.m */; };
		98A8E05D1F1262890046538E /* UIBezierPathProperties.m in Sources */ = {isa = PBXBuildFile; fileRef = 98A8E0371F1262890046538E /* UIBezierPathProperties.m */; settings = {COMPILER_FLAGS = "-fno-objc-arc"; }; };
		98A8E05E1F1262890046538E /* UIBezierPath+FirstLast.m in Sources */ = {isa = PBXBuildFile; fileRef = 98A8E0391F1262890046538E /* UIBezierPath+FirstLast.m */; };
		98A8E05F1F1262890046538E /* UIBezierPath+Center.m in Sources */ = {isa = PBXBuildFile; fileRef = 98A8E03D1F1262890046538E /* UIBezierPath+Center.m */; };
		98A8E0601F1262890046538E /* UIBezierPath+Clockwise.m in Sources */ = {isa = PBXBuildFile; fileRef = 98A8E03F1F1262890046538E /* UIBezierPath+Clockwise.m */; };
		98A8E0611F1262890046538E /* UIBezierPath+Equals.m in Sources */ = {isa = PBXBuildFile; fileRef = 98A8E0411F1262890046538E /* UIBezierPath+Equals.m */; };
		98A8E0621F1262890046538E /* UIBezierPath+Description.m in Sources */ = {isa = PBXBuildFile; fileRef = 98A8E0431F1262890046538E /* UIBezierPath+Description.m */; };
		98A8E0631F1262890046538E /* UIBezierPath+NSOSX.m in Sources */ = {isa = PBXBuildFile; fileRef = 98A8E0451F1262890046538E /* UIBezierPath+NSOSX.m */; settings = {COMPILER_FLAGS = "-fno-objc-arc"; }; };
		98A8E0641F1262890046538E /* UIBezierPath+Performance.m in Sources */ = {isa = PBXBuildFile; fileRef = 98A8E0471F1262890046538E /* UIBezierPath+Performance.m */; settings = {COMPILER_FLAGS = "-fno-objc-arc"; }; };
		98A8E0651F1262890046538E /* UIBezierPath+Trim.m in Sources */ = {isa = PBXBuildFile; fileRef = 98A8E0491F1262890046538E /* UIBezierPath+Trim.m */; settings = {COMPILER_FLAGS = "-fno-objc-arc"; }; };
		98A8E0661F1262890046538E /* UIBezierPath+Uncached.m in Sources */ = {isa = PBXBuildFile; fileRef = 98A8E04B1F1262890046538E /* UIBezierPath+Uncached.m */; };
		98A8E0671F1262890046538E /* UIBezierPath+Util.m in Sources */ = {isa = PBXBuildFile; fileRef = 98A8E04D1F1262890046538E /* UIBezierPath+Util.m */; };
		98B55D721F1106EB00CE8E77 /* AGKLine.m in Sources */ = {isa = PBXBuildFile; fileRef = 98B55D711F1106EB00CE8E77 /* AGKLine.m */; };
		98B55D761F11083400CE8E77 /* CGGeometry+AGGeometryKit.m in Sources */ = {isa = PBXBuildFile; fileRef = 98B55D751F11083400CE8E77 /* CGGeometry+AGGeometryKit.m */; };
		98B55D791F110EFC00CE8E77 /* LineManager.m in Sources */ = {isa = PBXBuildFile; fileRef = 98B55D781F110EFC00CE8E77 /* LineManager.m */; };
		98B55D7C1F111FEF00CE8E77 /* MyViewController.m in Sources */ = {isa = PBXBuildFile; fileRef = 98B55D7B1F111FEF00CE8E77 /* MyViewController.m */; };
		98FA74AB1F093D390076B51F /* AppDelegate.swift in Sources */ = {isa = PBXBuildFile; fileRef = 98FA74AA1F093D390076B51F /* AppDelegate.swift */; };
		98FA74AD1F093D390076B51F /* ViewController.swift in Sources */ = {isa = PBXBuildFile; fileRef = 98FA74AC1F093D390076B51F /* ViewController.swift */; };
		98FA74B01F093D390076B51F /* Main.storyboard in Resources */ = {isa = PBXBuildFile; fileRef = 98FA74AE1F093D390076B51F /* Main.storyboard */; };
		98FA74B21F093D390076B51F /* Assets.xcassets in Resources */ = {isa = PBXBuildFile; fileRef = 98FA74B11F093D390076B51F /* Assets.xcassets */; };
		98FA74B51F093D390076B51F /* LaunchScreen.storyboard in Resources */ = {isa = PBXBuildFile; fileRef = 98FA74B31F093D390076B51F /* LaunchScreen.storyboard */; };
		98FA74C01F093D390076B51F /* HumanVerifyGestureTests.swift in Sources */ = {isa = PBXBuildFile; fileRef = 98FA74BF1F093D390076B51F /* HumanVerifyGestureTests.swift */; };
		98FA74CB1F093D390076B51F /* HumanVerifyGestureUITests.swift in Sources */ = {isa = PBXBuildFile; fileRef = 98FA74CA1F093D390076B51F /* HumanVerifyGestureUITests.swift */; };
		98FA74DA1F09488E0076B51F /* CoreGraphics.framework in Frameworks */ = {isa = PBXBuildFile; fileRef = 98FA74D91F09488E0076B51F /* CoreGraphics.framework */; };
/* End PBXBuildFile section */

/* Begin PBXContainerItemProxy section */
		98FA74BC1F093D390076B51F /* PBXContainerItemProxy */ = {
			isa = PBXContainerItemProxy;
			containerPortal = 98FA749F1F093D390076B51F /* Project object */;
			proxyType = 1;
			remoteGlobalIDString = 98FA74A61F093D390076B51F;
			remoteInfo = HumanVerifyGesture;
		};
		98FA74C71F093D390076B51F /* PBXContainerItemProxy */ = {
			isa = PBXContainerItemProxy;
			containerPortal = 98FA749F1F093D390076B51F /* Project object */;
			proxyType = 1;
			remoteGlobalIDString = 98FA74A61F093D390076B51F;
			remoteInfo = HumanVerifyGesture;
		};
/* End PBXContainerItemProxy section */

/* Begin PBXFileReference section */
		98A8DFF31F1262380046538E /* BezierUtilsLicense */ = {isa = PBXFileReference; fileEncoding = 4; lastKnownFileType = text; path = BezierUtilsLicense; sourceTree = "<group>"; };
		98A8DFF41F1262380046538E /* bezier-utils.cpp */ = {isa = PBXFileReference; fileEncoding = 4; lastKnownFileType = sourcecode.cpp.cpp; path = "bezier-utils.cpp"; sourceTree = "<group>"; };
		98A8DFF51F1262380046538E /* bezier-utils.h */ = {isa = PBXFileReference; fileEncoding = 4; lastKnownFileType = sourcecode.c.h; path = "bezier-utils.h"; sourceTree = "<group>"; };
		98A8DFF61F1262380046538E /* interval.h */ = {isa = PBXFileReference; fileEncoding = 4; lastKnownFileType = sourcecode.c.h; path = interval.h; sourceTree = "<group>"; };
		98A8DFF71F1262380046538E /* matrix.cpp */ = {isa = PBXFileReference; fileEncoding = 4; lastKnownFileType = sourcecode.cpp.cpp; path = matrix.cpp; sourceTree = "<group>"; };
		98A8DFF81F1262380046538E /* matrix.h */ = {isa = PBXFileReference; fileEncoding = 4; lastKnownFileType = sourcecode.c.h; path = matrix.h; sourceTree = "<group>"; };
		98A8DFF91F1262380046538E /* point.cpp */ = {isa = PBXFileReference; fileEncoding = 4; lastKnownFileType = sourcecode.cpp.cpp; path = point.cpp; sourceTree = "<group>"; };
		98A8DFFA1F1262380046538E /* point.h */ = {isa = PBXFileReference; fileEncoding = 4; lastKnownFileType = sourcecode.c.h; path = point.h; sourceTree = "<group>"; };
		98A8DFFB1F1262380046538E /* transforms.cpp */ = {isa = PBXFileReference; fileEncoding = 4; lastKnownFileType = sourcecode.cpp.cpp; path = transforms.cpp; sourceTree = "<group>"; };
		98A8DFFC1F1262380046538E /* transforms.h */ = {isa = PBXFileReference; fileEncoding = 4; lastKnownFileType = sourcecode.c.h; path = transforms.h; sourceTree = "<group>"; };
		98A8DFFD1F1262380046538E /* coord.h */ = {isa = PBXFileReference; fileEncoding = 4; lastKnownFileType = sourcecode.c.h; path = coord.h; sourceTree = "<group>"; };
		98A8DFFE1F1262380046538E /* isnan.h */ = {isa = PBXFileReference; fileEncoding = 4; lastKnownFileType = sourcecode.c.h; path = isnan.h; sourceTree = "<group>"; };
		98A8DFFF1F1262380046538E /* utils.h */ = {isa = PBXFileReference; fileEncoding = 4; lastKnownFileType = sourcecode.c.h; path = utils.h; sourceTree = "<group>"; };
		98A8E0001F1262380046538E /* bezier-clipping.mm */ = {isa = PBXFileReference; fileEncoding = 4; lastKnownFileType = sourcecode.cpp.objcpp; path = "bezier-clipping.mm"; sourceTree = "<group>"; };
		98A8E0011F1262380046538E /* bezier-clipping.h */ = {isa = PBXFileReference; fileEncoding = 4; lastKnownFileType = sourcecode.c.h; path = "bezier-clipping.h"; sourceTree = "<group>"; };
		98A8E0091F12624D0046538E /* gauss.hxx */ = {isa = PBXFileReference; fileEncoding = 4; lastKnownFileType = sourcecode.cpp.h; path = gauss.hxx; sourceTree = "<group>"; };
		98A8E00A1F12624D0046538E /* bezierclip.hxx */ = {isa = PBXFileReference; fileEncoding = 4; lastKnownFileType = sourcecode.cpp.h; path = bezierclip.hxx; sourceTree = "<group>"; };
		98A8E00B1F12624D0046538E /* bezierclip.cxx */ = {isa = PBXFileReference; fileEncoding = 4; lastKnownFileType = sourcecode.cpp.cpp; path = bezierclip.cxx; sourceTree = "<group>"; };
		98A8E00C1F12624D0046538E /* convexhull.cxx */ = {isa = PBXFileReference; fileEncoding = 4; lastKnownFileType = sourcecode.cpp.cpp; path = convexhull.cxx; sourceTree = "<group>"; };
		98A8E0101F1262640046538E /* NearestPoint.h */ = {isa = PBXFileReference; fileEncoding = 4; lastKnownFileType = sourcecode.c.h; path = NearestPoint.h; sourceTree = "<group>"; };
		98A8E0111F1262640046538E /* NearestPoint.c */ = {isa = PBXFileReference; fileEncoding = 4; lastKnownFileType = sourcecode.c.c; path = NearestPoint.c; sourceTree = "<group>"; };
		98A8E0131F1262880046538E /* PerformanceBezier.h */ = {isa = PBXFileReference; fileEncoding = 4; lastKnownFileType = sourcecode.c.h; name = PerformanceBezier.h; path = ../PerformanceBezier.h; sourceTree = "<group>"; };
		98A8E0141F1262880046538E /* JRSwizzle.h */ = {isa = PBXFileReference; fileEncoding = 4; lastKnownFileType = sourcecode.c.h; name = JRSwizzle.h; path = ../JRSwizzle.h; sourceTree = "<group>"; };
		98A8E0151F1262880046538E /* JRSwizzle.m */ = {isa = PBXFileReference; fileEncoding = 4; lastKnownFileType = sourcecode.c.objc; name = JRSwizzle.m; path = ../JRSwizzle.m; sourceTree = "<group>"; };
		98A8E0161F1262880046538E /* DKVector.h */ = {isa = PBXFileReference; fileEncoding = 4; lastKnownFileType = sourcecode.c.h; name = DKVector.h; path = ../DKVector.h; sourceTree = "<group>"; };
		98A8E0171F1262880046538E /* DKVector.m */ = {isa = PBXFileReference; fileEncoding = 4; lastKnownFileType = sourcecode.c.objc; name = DKVector.m; path = ../DKVector.m; sourceTree = "<group>"; };
		98A8E0181F1262880046538E /* ClippingBezier.h */ = {isa = PBXFileReference; fileEncoding = 4; lastKnownFileType = sourcecode.c.h; name = ClippingBezier.h; path = ../ClippingBezier.h; sourceTree = "<group>"; };
		98A8E0191F1262880046538E /* MMBackwardCompatible.h */ = {isa = PBXFileReference; fileEncoding = 4; lastKnownFileType = sourcecode.c.h; name = MMBackwardCompatible.h; path = ../MMBackwardCompatible.h; sourceTree = "<group>"; };
		98A8E01A1F1262880046538E /* MMBackwardCompatible.m */ = {isa = PBXFileReference; fileEncoding = 4; lastKnownFileType = sourcecode.c.objc; name = MMBackwardCompatible.m; path = ../MMBackwardCompatible.m; sourceTree = "<group>"; };
		98A8E01B1F1262880046538E /* UIBezierPath+Clipping.h */ = {isa = PBXFileReference; fileEncoding = 4; lastKnownFileType = sourcecode.c.h; name = "UIBezierPath+Clipping.h"; path = "../UIBezierPath+Clipping.h"; sourceTree = "<group>"; };
		98A8E01C1F1262880046538E /* UIBezierPath+Clipping_Private.h */ = {isa = PBXFileReference; fileEncoding = 4; lastKnownFileType = sourcecode.c.h; name = "UIBezierPath+Clipping_Private.h"; path = "../UIBezierPath+Clipping_Private.h"; sourceTree = "<group>"; };
		98A8E01D1F1262880046538E /* UIBezierPath+Clipping.mm */ = {isa = PBXFileReference; fileEncoding = 4; lastKnownFileType = sourcecode.cpp.objcpp; name = "UIBezierPath+Clipping.mm"; path = "../UIBezierPath+Clipping.mm"; sourceTree = "<group>"; };
		98A8E01E1F1262880046538E /* UIBezierPath+GeometryExtras.h */ = {isa = PBXFileReference; fileEncoding = 4; lastKnownFileType = sourcecode.c.h; name = "UIBezierPath+GeometryExtras.h"; path = "../UIBezierPath+GeometryExtras.h"; sourceTree = "<group>"; };
		98A8E01F1F1262880046538E /* UIBezierPath+GeometryExtras.m */ = {isa = PBXFileReference; fileEncoding = 4; lastKnownFileType = sourcecode.c.objc; name = "UIBezierPath+GeometryExtras.m"; path = "../UIBezierPath+GeometryExtras.m"; sourceTree = "<group>"; };
		98A8E0201F1262880046538E /* UIBezierPath+DKOSX.h */ = {isa = PBXFileReference; fileEncoding = 4; lastKnownFileType = sourcecode.c.h; name = "UIBezierPath+DKOSX.h"; path = "../UIBezierPath+DKOSX.h"; sourceTree = "<group>"; };
		98A8E0211F1262880046538E /* UIBezierPath+DKOSX.m */ = {isa = PBXFileReference; fileEncoding = 4; lastKnownFileType = sourcecode.c.objc; name = "UIBezierPath+DKOSX.m"; path = "../UIBezierPath+DKOSX.m"; sourceTree = "<group>"; };
		98A8E0221F1262880046538E /* UIBezierPath+Intersections.h */ = {isa = PBXFileReference; fileEncoding = 4; lastKnownFileType = sourcecode.c.h; name = "UIBezierPath+Intersections.h"; path = "../UIBezierPath+Intersections.h"; sourceTree = "<group>"; };
		98A8E0231F1262880046538E /* UIBezierPath+Intersections.m */ = {isa = PBXFileReference; fileEncoding = 4; lastKnownFileType = sourcecode.c.objc; name = "UIBezierPath+Intersections.m"; path = "../UIBezierPath+Intersections.m"; sourceTree = "<group>"; };
		98A8E0241F1262880046538E /* UIBezierPath+Ahmed.h */ = {isa = PBXFileReference; fileEncoding = 4; lastKnownFileType = sourcecode.c.h; name = "UIBezierPath+Ahmed.h"; path = "../UIBezierPath+Ahmed.h"; sourceTree = "<group>"; };
		98A8E0251F1262880046538E /* UIBezierPath+Ahmed.m */ = {isa = PBXFileReference; fileEncoding = 4; lastKnownFileType = sourcecode.c.objc; name = "UIBezierPath+Ahmed.m"; path = "../UIBezierPath+Ahmed.m"; sourceTree = "<group>"; };
		98A8E0261F1262880046538E /* UIBezierPath+Trimming.h */ = {isa = PBXFileReference; fileEncoding = 4; lastKnownFileType = sourcecode.c.h; name = "UIBezierPath+Trimming.h"; path = "../UIBezierPath+Trimming.h"; sourceTree = "<group>"; };
		98A8E0271F1262880046538E /* DKUIBezierPathClippedSegment.h */ = {isa = PBXFileReference; fileEncoding = 4; lastKnownFileType = sourcecode.c.h; name = DKUIBezierPathClippedSegment.h; path = ../DKUIBezierPathClippedSegment.h; sourceTree = "<group>"; };
		98A8E0281F1262880046538E /* DKUIBezierPathClippedSegment.m */ = {isa = PBXFileReference; fileEncoding = 4; lastKnownFileType = sourcecode.c.objc; name = DKUIBezierPathClippedSegment.m; path = ../DKUIBezierPathClippedSegment.m; sourceTree = "<group>"; };
		98A8E0291F1262880046538E /* DKUIBezierPathClippingResult.h */ = {isa = PBXFileReference; fileEncoding = 4; lastKnownFileType = sourcecode.c.h; name = DKUIBezierPathClippingResult.h; path = ../DKUIBezierPathClippingResult.h; sourceTree = "<group>"; };
		98A8E02A1F1262880046538E /* DKUIBezierPathClippingResult.m */ = {isa = PBXFileReference; fileEncoding = 4; lastKnownFileType = sourcecode.c.objc; name = DKUIBezierPathClippingResult.m; path = ../DKUIBezierPathClippingResult.m; sourceTree = "<group>"; };
		98A8E02B1F1262880046538E /* DKUIBezierPathIntersectionPoint.h */ = {isa = PBXFileReference; fileEncoding = 4; lastKnownFileType = sourcecode.c.h; name = DKUIBezierPathIntersectionPoint.h; path = ../DKUIBezierPathIntersectionPoint.h; sourceTree = "<group>"; };
		98A8E02C1F1262890046538E /* DKUIBezierPathIntersectionPoint+Private.h */ = {isa = PBXFileReference; fileEncoding = 4; lastKnownFileType = sourcecode.c.h; name = "DKUIBezierPathIntersectionPoint+Private.h"; path = "../DKUIBezierPathIntersectionPoint+Private.h"; sourceTree = "<group>"; };
		98A8E02D1F1262890046538E /* DKUIBezierPathIntersectionPoint.m */ = {isa = PBXFileReference; fileEncoding = 4; lastKnownFileType = sourcecode.c.objc; name = DKUIBezierPathIntersectionPoint.m; path = ../DKUIBezierPathIntersectionPoint.m; sourceTree = "<group>"; };
		98A8E02E1F1262890046538E /* DKUIBezierUnmatchedPathIntersectionPoint.h */ = {isa = PBXFileReference; fileEncoding = 4; lastKnownFileType = sourcecode.c.h; name = DKUIBezierUnmatchedPathIntersectionPoint.h; path = ../DKUIBezierUnmatchedPathIntersectionPoint.h; sourceTree = "<group>"; };
		98A8E02F1F1262890046538E /* DKUIBezierUnmatchedPathIntersectionPoint.m */ = {isa = PBXFileReference; fileEncoding = 4; lastKnownFileType = sourcecode.c.objc; name = DKUIBezierUnmatchedPathIntersectionPoint.m; path = ../DKUIBezierUnmatchedPathIntersectionPoint.m; sourceTree = "<group>"; };
		98A8E0301F1262890046538E /* DKUIBezierPathShape.h */ = {isa = PBXFileReference; fileEncoding = 4; lastKnownFileType = sourcecode.c.h; name = DKUIBezierPathShape.h; path = ../DKUIBezierPathShape.h; sourceTree = "<group>"; };
		98A8E0311F1262890046538E /* DKUIBezierPathShape.m */ = {isa = PBXFileReference; fileEncoding = 4; lastKnownFileType = sourcecode.c.objc; name = DKUIBezierPathShape.m; path = ../DKUIBezierPathShape.m; sourceTree = "<group>"; };
		98A8E0321F1262890046538E /* DKTangentAtPoint.h */ = {isa = PBXFileReference; fileEncoding = 4; lastKnownFileType = sourcecode.c.h; name = DKTangentAtPoint.h; path = ../DKTangentAtPoint.h; sourceTree = "<group>"; };
		98A8E0331F1262890046538E /* DKTangentAtPoint.m */ = {isa = PBXFileReference; fileEncoding = 4; lastKnownFileType = sourcecode.c.objc; name = DKTangentAtPoint.m; path = ../DKTangentAtPoint.m; sourceTree = "<group>"; };
		98A8E0341F1262890046538E /* DKIntersectionOfPaths.h */ = {isa = PBXFileReference; fileEncoding = 4; lastKnownFileType = sourcecode.c.h; name = DKIntersectionOfPaths.h; path = ../DKIntersectionOfPaths.h; sourceTree = "<group>"; };
		98A8E0351F1262890046538E /* DKIntersectionOfPaths.m */ = {isa = PBXFileReference; fileEncoding = 4; lastKnownFileType = sourcecode.c.objc; name = DKIntersectionOfPaths.m; path = ../DKIntersectionOfPaths.m; sourceTree = "<group>"; };
		98A8E0361F1262890046538E /* UIBezierPathProperties.h */ = {isa = PBXFileReference; fileEncoding = 4; lastKnownFileType = sourcecode.c.h; name = UIBezierPathProperties.h; path = ../UIBezierPathProperties.h; sourceTree = "<group>"; };
		98A8E0371F1262890046538E /* UIBezierPathProperties.m */ = {isa = PBXFileReference; fileEncoding = 4; lastKnownFileType = sourcecode.c.objc; name = UIBezierPathProperties.m; path = ../UIBezierPathProperties.m; sourceTree = "<group>"; };
		98A8E0381F1262890046538E /* UIBezierPath+FirstLast.h */ = {isa = PBXFileReference; fileEncoding = 4; lastKnownFileType = sourcecode.c.h; name = "UIBezierPath+FirstLast.h"; path = "../UIBezierPath+FirstLast.h"; sourceTree = "<group>"; };
		98A8E0391F1262890046538E /* UIBezierPath+FirstLast.m */ = {isa = PBXFileReference; fileEncoding = 4; lastKnownFileType = sourcecode.c.objc; name = "UIBezierPath+FirstLast.m"; path = "../UIBezierPath+FirstLast.m"; sourceTree = "<group>"; };
		98A8E03A1F1262890046538E /* UIBezierPath+NSOSX_Private.h */ = {isa = PBXFileReference; fileEncoding = 4; lastKnownFileType = sourcecode.c.h; name = "UIBezierPath+NSOSX_Private.h"; path = "../UIBezierPath+NSOSX_Private.h"; sourceTree = "<group>"; };
		98A8E03B1F1262890046538E /* UIBezierPath+Performance_Private.h */ = {isa = PBXFileReference; fileEncoding = 4; lastKnownFileType = sourcecode.c.h; name = "UIBezierPath+Performance_Private.h"; path = "../UIBezierPath+Performance_Private.h"; sourceTree = "<group>"; };
		98A8E03C1F1262890046538E /* UIBezierPath+Center.h */ = {isa = PBXFileReference; fileEncoding = 4; lastKnownFileType = sourcecode.c.h; name = "UIBezierPath+Center.h"; path = "../UIBezierPath+Center.h"; sourceTree = "<group>"; };
		98A8E03D1F1262890046538E /* UIBezierPath+Center.m */ = {isa = PBXFileReference; fileEncoding = 4; lastKnownFileType = sourcecode.c.objc; name = "UIBezierPath+Center.m"; path = "../UIBezierPath+Center.m"; sourceTree = "<group>"; };
		98A8E03E1F1262890046538E /* UIBezierPath+Clockwise.h */ = {isa = PBXFileReference; fileEncoding = 4; lastKnownFileType = sourcecode.c.h; name = "UIBezierPath+Clockwise.h"; path = "../UIBezierPath+Clockwise.h"; sourceTree = "<group>"; };
		98A8E03F1F1262890046538E /* UIBezierPath+Clockwise.m */ = {isa = PBXFileReference; fileEncoding = 4; lastKnownFileType = sourcecode.c.objc; name = "UIBezierPath+Clockwise.m"; path = "../UIBezierPath+Clockwise.m"; sourceTree = "<group>"; };
		98A8E0401F1262890046538E /* UIBezierPath+Equals.h */ = {isa = PBXFileReference; fileEncoding = 4; lastKnownFileType = sourcecode.c.h; name = "UIBezierPath+Equals.h"; path = "../UIBezierPath+Equals.h"; sourceTree = "<group>"; };
		98A8E0411F1262890046538E /* UIBezierPath+Equals.m */ = {isa = PBXFileReference; fileEncoding = 4; lastKnownFileType = sourcecode.c.objc; name = "UIBezierPath+Equals.m"; path = "../UIBezierPath+Equals.m"; sourceTree = "<group>"; };
		98A8E0421F1262890046538E /* UIBezierPath+Description.h */ = {isa = PBXFileReference; fileEncoding = 4; lastKnownFileType = sourcecode.c.h; name = "UIBezierPath+Description.h"; path = "../UIBezierPath+Description.h"; sourceTree = "<group>"; };
		98A8E0431F1262890046538E /* UIBezierPath+Description.m */ = {isa = PBXFileReference; fileEncoding = 4; lastKnownFileType = sourcecode.c.objc; name = "UIBezierPath+Description.m"; path = "../UIBezierPath+Description.m"; sourceTree = "<group>"; };
		98A8E0441F1262890046538E /* UIBezierPath+NSOSX.h */ = {isa = PBXFileReference; fileEncoding = 4; lastKnownFileType = sourcecode.c.h; name = "UIBezierPath+NSOSX.h"; path = "../UIBezierPath+NSOSX.h"; sourceTree = "<group>"; };
		98A8E0451F1262890046538E /* UIBezierPath+NSOSX.m */ = {isa = PBXFileReference; fileEncoding = 4; lastKnownFileType = sourcecode.c.objc; name = "UIBezierPath+NSOSX.m"; path = "../UIBezierPath+NSOSX.m"; sourceTree = "<group>"; };
		98A8E0461F1262890046538E /* UIBezierPath+Performance.h */ = {isa = PBXFileReference; fileEncoding = 4; lastKnownFileType = sourcecode.c.h; name = "UIBezierPath+Performance.h"; path = "../UIBezierPath+Performance.h"; sourceTree = "<group>"; };
		98A8E0471F1262890046538E /* UIBezierPath+Performance.m */ = {isa = PBXFileReference; fileEncoding = 4; lastKnownFileType = sourcecode.c.objc; name = "UIBezierPath+Performance.m"; path = "../UIBezierPath+Performance.m"; sourceTree = "<group>"; };
		98A8E0481F1262890046538E /* UIBezierPath+Trim.h */ = {isa = PBXFileReference; fileEncoding = 4; lastKnownFileType = sourcecode.c.h; name = "UIBezierPath+Trim.h"; path = "../UIBezierPath+Trim.h"; sourceTree = "<group>"; };
		98A8E0491F1262890046538E /* UIBezierPath+Trim.m */ = {isa = PBXFileReference; fileEncoding = 4; lastKnownFileType = sourcecode.c.objc; name = "UIBezierPath+Trim.m"; path = "../UIBezierPath+Trim.m"; sourceTree = "<group>"; };
		98A8E04A1F1262890046538E /* UIBezierPath+Uncached.h */ = {isa = PBXFileReference; fileEncoding = 4; lastKnownFileType = sourcecode.c.h; name = "UIBezierPath+Uncached.h"; path = "../UIBezierPath+Uncached.h"; sourceTree = "<group>"; };
		98A8E04B1F1262890046538E /* UIBezierPath+Uncached.m */ = {isa = PBXFileReference; fileEncoding = 4; lastKnownFileType = sourcecode.c.objc; name = "UIBezierPath+Uncached.m"; path = "../UIBezierPath+Uncached.m"; sourceTree = "<group>"; };
		98A8E04C1F1262890046538E /* UIBezierPath+Util.h */ = {isa = PBXFileReference; fileEncoding = 4; lastKnownFileType = sourcecode.c.h; name = "UIBezierPath+Util.h"; path = "../UIBezierPath+Util.h"; sourceTree = "<group>"; };
		98A8E04D1F1262890046538E /* UIBezierPath+Util.m */ = {isa = PBXFileReference; fileEncoding = 4; lastKnownFileType = sourcecode.c.objc; name = "UIBezierPath+Util.m"; path = "../UIBezierPath+Util.m"; sourceTree = "<group>"; };
		98B55D6F1F1106EA00CE8E77 /* HumanVerifyGesture-Bridging-Header.h */ = {isa = PBXFileReference; lastKnownFileType = sourcecode.c.h; path = "HumanVerifyGesture-Bridging-Header.h"; sourceTree = "<group>"; };
		98B55D701F1106EB00CE8E77 /* AGKLine.h */ = {isa = PBXFileReference; fileEncoding = 4; lastKnownFileType = sourcecode.c.h; path = AGKLine.h; sourceTree = "<group>"; };
		98B55D711F1106EB00CE8E77 /* AGKLine.m */ = {isa = PBXFileReference; fileEncoding = 4; lastKnownFileType = sourcecode.c.objc; path = AGKLine.m; sourceTree = "<group>"; };
		98B55D731F11078300CE8E77 /* AGKBaseDefines.h */ = {isa = PBXFileReference; lastKnownFileType = sourcecode.c.h; path = AGKBaseDefines.h; sourceTree = "<group>"; };
		98B55D741F11083400CE8E77 /* CGGeometry+AGGeometryKit.h */ = {isa = PBXFileReference; fileEncoding = 4; lastKnownFileType = sourcecode.c.h; path = "CGGeometry+AGGeometryKit.h"; sourceTree = "<group>"; };
		98B55D751F11083400CE8E77 /* CGGeometry+AGGeometryKit.m */ = {isa = PBXFileReference; fileEncoding = 4; lastKnownFileType = sourcecode.c.objc; path = "CGGeometry+AGGeometryKit.m"; sourceTree = "<group>"; };
		98B55D771F110EFC00CE8E77 /* LineManager.h */ = {isa = PBXFileReference; fileEncoding = 4; lastKnownFileType = sourcecode.c.h; path = LineManager.h; sourceTree = "<group>"; };
		98B55D781F110EFC00CE8E77 /* LineManager.m */ = {isa = PBXFileReference; fileEncoding = 4; lastKnownFileType = sourcecode.c.objc; path = LineManager.m; sourceTree = "<group>"; };
		98B55D7A1F111FEF00CE8E77 /* MyViewController.h */ = {isa = PBXFileReference; fileEncoding = 4; lastKnownFileType = sourcecode.c.h; path = MyViewController.h; sourceTree = "<group>"; };
		98B55D7B1F111FEF00CE8E77 /* MyViewController.m */ = {isa = PBXFileReference; fileEncoding = 4; lastKnownFileType = sourcecode.c.objc; path = MyViewController.m; sourceTree = "<group>"; };
		98FA74A71F093D390076B51F /* HumanVerifyGesture.app */ = {isa = PBXFileReference; explicitFileType = wrapper.application; includeInIndex = 0; path = HumanVerifyGesture.app; sourceTree = BUILT_PRODUCTS_DIR; };
		98FA74AA1F093D390076B51F /* AppDelegate.swift */ = {isa = PBXFileReference; lastKnownFileType = sourcecode.swift; path = AppDelegate.swift; sourceTree = "<group>"; };
		98FA74AC1F093D390076B51F /* ViewController.swift */ = {isa = PBXFileReference; lastKnownFileType = sourcecode.swift; path = ViewController.swift; sourceTree = "<group>"; };
		98FA74AF1F093D390076B51F /* Base */ = {isa = PBXFileReference; lastKnownFileType = file.storyboard; name = Base; path = Base.lproj/Main.storyboard; sourceTree = "<group>"; };
		98FA74B11F093D390076B51F /* Assets.xcassets */ = {isa = PBXFileReference; lastKnownFileType = folder.assetcatalog; path = Assets.xcassets; sourceTree = "<group>"; };
		98FA74B41F093D390076B51F /* Base */ = {isa = PBXFileReference; lastKnownFileType = file.storyboard; name = Base; path = Base.lproj/LaunchScreen.storyboard; sourceTree = "<group>"; };
		98FA74B61F093D390076B51F /* Info.plist */ = {isa = PBXFileReference; lastKnownFileType = text.plist.xml; path = Info.plist; sourceTree = "<group>"; };
		98FA74BB1F093D390076B51F /* HumanVerifyGestureTests.xctest */ = {isa = PBXFileReference; explicitFileType = wrapper.cfbundle; includeInIndex = 0; path = HumanVerifyGestureTests.xctest; sourceTree = BUILT_PRODUCTS_DIR; };
		98FA74BF1F093D390076B51F /* HumanVerifyGestureTests.swift */ = {isa = PBXFileReference; lastKnownFileType = sourcecode.swift; path = HumanVerifyGestureTests.swift; sourceTree = "<group>"; };
		98FA74C11F093D390076B51F /* Info.plist */ = {isa = PBXFileReference; lastKnownFileType = text.plist.xml; path = Info.plist; sourceTree = "<group>"; };
		98FA74C61F093D390076B51F /* HumanVerifyGestureUITests.xctest */ = {isa = PBXFileReference; explicitFileType = wrapper.cfbundle; includeInIndex = 0; path = HumanVerifyGestureUITests.xctest; sourceTree = BUILT_PRODUCTS_DIR; };
		98FA74CA1F093D390076B51F /* HumanVerifyGestureUITests.swift */ = {isa = PBXFileReference; lastKnownFileType = sourcecode.swift; path = HumanVerifyGestureUITests.swift; sourceTree = "<group>"; };
		98FA74CC1F093D390076B51F /* Info.plist */ = {isa = PBXFileReference; lastKnownFileType = text.plist.xml; path = Info.plist; sourceTree = "<group>"; };
		98FA74D91F09488E0076B51F /* CoreGraphics.framework */ = {isa = PBXFileReference; lastKnownFileType = wrapper.framework; name = CoreGraphics.framework; path = System/Library/Frameworks/CoreGraphics.framework; sourceTree = SDKROOT; };
/* End PBXFileReference section */

/* Begin PBXFrameworksBuildPhase section */
		98FA74A41F093D390076B51F /* Frameworks */ = {
			isa = PBXFrameworksBuildPhase;
			buildActionMask = 2147483647;
			files = (
				98FA74DA1F09488E0076B51F /* CoreGraphics.framework in Frameworks */,
			);
			runOnlyForDeploymentPostprocessing = 0;
		};
		98FA74B81F093D390076B51F /* Frameworks */ = {
			isa = PBXFrameworksBuildPhase;
			buildActionMask = 2147483647;
			files = (
			);
			runOnlyForDeploymentPostprocessing = 0;
		};
		98FA74C31F093D390076B51F /* Frameworks */ = {
			isa = PBXFrameworksBuildPhase;
			buildActionMask = 2147483647;
			files = (
			);
			runOnlyForDeploymentPostprocessing = 0;
		};
/* End PBXFrameworksBuildPhase section */

/* Begin PBXGroup section */
		98A8DFD41F1261DF0046538E /* ThirdParty */ = {
			isa = PBXGroup;
			children = (
				98A8E00F1F1262520046538E /* GraphicsGems */,
				98A8E0081F12623C0046538E /* BaseGFX Bezier Clip */,
				98A8DFF21F12622F0046538E /* bezier-utils */,
				98A8E0131F1262880046538E /* PerformanceBezier.h */,
				98A8E0141F1262880046538E /* JRSwizzle.h */,
				98A8E0151F1262880046538E /* JRSwizzle.m */,
				98A8E0161F1262880046538E /* DKVector.h */,
				98A8E0171F1262880046538E /* DKVector.m */,
				98A8E0181F1262880046538E /* ClippingBezier.h */,
				98A8E0191F1262880046538E /* MMBackwardCompatible.h */,
				98A8E01A1F1262880046538E /* MMBackwardCompatible.m */,
				98A8E01B1F1262880046538E /* UIBezierPath+Clipping.h */,
				98A8E01C1F1262880046538E /* UIBezierPath+Clipping_Private.h */,
				98A8E01D1F1262880046538E /* UIBezierPath+Clipping.mm */,
				98A8E01E1F1262880046538E /* UIBezierPath+GeometryExtras.h */,
				98A8E01F1F1262880046538E /* UIBezierPath+GeometryExtras.m */,
				98A8E0201F1262880046538E /* UIBezierPath+DKOSX.h */,
				98A8E0211F1262880046538E /* UIBezierPath+DKOSX.m */,
				98A8E0221F1262880046538E /* UIBezierPath+Intersections.h */,
				98A8E0231F1262880046538E /* UIBezierPath+Intersections.m */,
				98A8E0241F1262880046538E /* UIBezierPath+Ahmed.h */,
				98A8E0251F1262880046538E /* UIBezierPath+Ahmed.m */,
				98A8E0261F1262880046538E /* UIBezierPath+Trimming.h */,
				98A8E0271F1262880046538E /* DKUIBezierPathClippedSegment.h */,
				98A8E0281F1262880046538E /* DKUIBezierPathClippedSegment.m */,
				98A8E0291F1262880046538E /* DKUIBezierPathClippingResult.h */,
				98A8E02A1F1262880046538E /* DKUIBezierPathClippingResult.m */,
				98A8E02B1F1262880046538E /* DKUIBezierPathIntersectionPoint.h */,
				98A8E02C1F1262890046538E /* DKUIBezierPathIntersectionPoint+Private.h */,
				98A8E02D1F1262890046538E /* DKUIBezierPathIntersectionPoint.m */,
				98A8E02E1F1262890046538E /* DKUIBezierUnmatchedPathIntersectionPoint.h */,
				98A8E02F1F1262890046538E /* DKUIBezierUnmatchedPathIntersectionPoint.m */,
				98A8E0301F1262890046538E /* DKUIBezierPathShape.h */,
				98A8E0311F1262890046538E /* DKUIBezierPathShape.m */,
				98A8E0321F1262890046538E /* DKTangentAtPoint.h */,
				98A8E0331F1262890046538E /* DKTangentAtPoint.m */,
				98A8E0341F1262890046538E /* DKIntersectionOfPaths.h */,
				98A8E0351F1262890046538E /* DKIntersectionOfPaths.m */,
				98A8E0361F1262890046538E /* UIBezierPathProperties.h */,
				98A8E0371F1262890046538E /* UIBezierPathProperties.m */,
				98A8E0381F1262890046538E /* UIBezierPath+FirstLast.h */,
				98A8E0391F1262890046538E /* UIBezierPath+FirstLast.m */,
				98A8E03A1F1262890046538E /* UIBezierPath+NSOSX_Private.h */,
				98A8E03B1F1262890046538E /* UIBezierPath+Performance_Private.h */,
				98A8E03C1F1262890046538E /* UIBezierPath+Center.h */,
				98A8E03D1F1262890046538E /* UIBezierPath+Center.m */,
				98A8E03E1F1262890046538E /* UIBezierPath+Clockwise.h */,
				98A8E03F1F1262890046538E /* UIBezierPath+Clockwise.m */,
				98A8E0401F1262890046538E /* UIBezierPath+Equals.h */,
				98A8E0411F1262890046538E /* UIBezierPath+Equals.m */,
				98A8E0421F1262890046538E /* UIBezierPath+Description.h */,
				98A8E0431F1262890046538E /* UIBezierPath+Description.m */,
				98A8E0441F1262890046538E /* UIBezierPath+NSOSX.h */,
				98A8E0451F1262890046538E /* UIBezierPath+NSOSX.m */,
				98A8E0461F1262890046538E /* UIBezierPath+Performance.h */,
				98A8E0471F1262890046538E /* UIBezierPath+Performance.m */,
				98A8E0481F1262890046538E /* UIBezierPath+Trim.h */,
				98A8E0491F1262890046538E /* UIBezierPath+Trim.m */,
				98A8E04A1F1262890046538E /* UIBezierPath+Uncached.h */,
				98A8E04B1F1262890046538E /* UIBezierPath+Uncached.m */,
				98A8E04C1F1262890046538E /* UIBezierPath+Util.h */,
				98A8E04D1F1262890046538E /* UIBezierPath+Util.m */,
			);
			path = ThirdParty;
			sourceTree = "<group>";
		};
		98A8DFF21F12622F0046538E /* bezier-utils */ = {
			isa = PBXGroup;
			children = (
				98A8DFF31F1262380046538E /* BezierUtilsLicense */,
				98A8DFF41F1262380046538E /* bezier-utils.cpp */,
				98A8DFF51F1262380046538E /* bezier-utils.h */,
				98A8DFF61F1262380046538E /* interval.h */,
				98A8DFF71F1262380046538E /* matrix.cpp */,
				98A8DFF81F1262380046538E /* matrix.h */,
				98A8DFF91F1262380046538E /* point.cpp */,
				98A8DFFA1F1262380046538E /* point.h */,
				98A8DFFB1F1262380046538E /* transforms.cpp */,
				98A8DFFC1F1262380046538E /* transforms.h */,
				98A8DFFD1F1262380046538E /* coord.h */,
				98A8DFFE1F1262380046538E /* isnan.h */,
				98A8DFFF1F1262380046538E /* utils.h */,
				98A8E0001F1262380046538E /* bezier-clipping.mm */,
				98A8E0011F1262380046538E /* bezier-clipping.h */,
			);
			name = "bezier-utils";
			sourceTree = "<group>";
		};
		98A8E0081F12623C0046538E /* BaseGFX Bezier Clip */ = {
			isa = PBXGroup;
			children = (
				98A8E0091F12624D0046538E /* gauss.hxx */,
				98A8E00A1F12624D0046538E /* bezierclip.hxx */,
				98A8E00B1F12624D0046538E /* bezierclip.cxx */,
				98A8E00C1F12624D0046538E /* convexhull.cxx */,
			);
			name = "BaseGFX Bezier Clip";
			sourceTree = "<group>";
		};
		98A8E00F1F1262520046538E /* GraphicsGems */ = {
			isa = PBXGroup;
			children = (
				98A8E0101F1262640046538E /* NearestPoint.h */,
				98A8E0111F1262640046538E /* NearestPoint.c */,
			);
			name = GraphicsGems;
			sourceTree = "<group>";
		};
		98FA749E1F093D390076B51F = {
			isa = PBXGroup;
			children = (
				98FA74A91F093D390076B51F /* HumanVerifyGesture */,
				98FA74BE1F093D390076B51F /* HumanVerifyGestureTests */,
				98FA74C91F093D390076B51F /* HumanVerifyGestureUITests */,
				98FA74A81F093D390076B51F /* Products */,
				98FA74D81F09488E0076B51F /* Frameworks */,
			);
			sourceTree = "<group>";
		};
		98FA74A81F093D390076B51F /* Products */ = {
			isa = PBXGroup;
			children = (
				98FA74A71F093D390076B51F /* HumanVerifyGesture.app */,
				98FA74BB1F093D390076B51F /* HumanVerifyGestureTests.xctest */,
				98FA74C61F093D390076B51F /* HumanVerifyGestureUITests.xctest */,
			);
			name = Products;
			sourceTree = "<group>";
		};
		98FA74A91F093D390076B51F /* HumanVerifyGesture */ = {
			isa = PBXGroup;
			children = (
				98A8DFD41F1261DF0046538E /* ThirdParty */,
				98FA74AA1F093D390076B51F /* AppDelegate.swift */,
				98FA74AC1F093D390076B51F /* ViewController.swift */,
				98FA74AE1F093D390076B51F /* Main.storyboard */,
				98B55D7A1F111FEF00CE8E77 /* MyViewController.h */,
				98B55D7B1F111FEF00CE8E77 /* MyViewController.m */,
				98B55D741F11083400CE8E77 /* CGGeometry+AGGeometryKit.h */,
				98B55D751F11083400CE8E77 /* CGGeometry+AGGeometryKit.m */,
				98B55D701F1106EB00CE8E77 /* AGKLine.h */,
				98B55D711F1106EB00CE8E77 /* AGKLine.m */,
				98B55D731F11078300CE8E77 /* AGKBaseDefines.h */,
				98B55D771F110EFC00CE8E77 /* LineManager.h */,
				98B55D781F110EFC00CE8E77 /* LineManager.m */,
				98FA74B11F093D390076B51F /* Assets.xcassets */,
				98FA74B31F093D390076B51F /* LaunchScreen.storyboard */,
				98FA74B61F093D390076B51F /* Info.plist */,
				98B55D6F1F1106EA00CE8E77 /* HumanVerifyGesture-Bridging-Header.h */,
			);
			path = HumanVerifyGesture;
			sourceTree = "<group>";
		};
		98FA74BE1F093D390076B51F /* HumanVerifyGestureTests */ = {
			isa = PBXGroup;
			children = (
				98FA74BF1F093D390076B51F /* HumanVerifyGestureTests.swift */,
				98FA74C11F093D390076B51F /* Info.plist */,
			);
			path = HumanVerifyGestureTests;
			sourceTree = "<group>";
		};
		98FA74C91F093D390076B51F /* HumanVerifyGestureUITests */ = {
			isa = PBXGroup;
			children = (
				98FA74CA1F093D390076B51F /* HumanVerifyGestureUITests.swift */,
				98FA74CC1F093D390076B51F /* Info.plist */,
			);
			path = HumanVerifyGestureUITests;
			sourceTree = "<group>";
		};
		98FA74D81F09488E0076B51F /* Frameworks */ = {
			isa = PBXGroup;
			children = (
				98FA74D91F09488E0076B51F /* CoreGraphics.framework */,
			);
			name = Frameworks;
			sourceTree = "<group>";
		};
/* End PBXGroup section */

/* Begin PBXNativeTarget section */
		98FA74A61F093D390076B51F /* HumanVerifyGesture */ = {
			isa = PBXNativeTarget;
			buildConfigurationList = 98FA74CF1F093D390076B51F /* Build configuration list for PBXNativeTarget "HumanVerifyGesture" */;
			buildPhases = (
				98FA74A31F093D390076B51F /* Sources */,
				98FA74A41F093D390076B51F /* Frameworks */,
				98FA74A51F093D390076B51F /* Resources */,
			);
			buildRules = (
			);
			dependencies = (
			);
			name = HumanVerifyGesture;
			productName = HumanVerifyGesture;
			productReference = 98FA74A71F093D390076B51F /* HumanVerifyGesture.app */;
			productType = "com.apple.product-type.application";
		};
		98FA74BA1F093D390076B51F /* HumanVerifyGestureTests */ = {
			isa = PBXNativeTarget;
			buildConfigurationList = 98FA74D21F093D390076B51F /* Build configuration list for PBXNativeTarget "HumanVerifyGestureTests" */;
			buildPhases = (
				98FA74B71F093D390076B51F /* Sources */,
				98FA74B81F093D390076B51F /* Frameworks */,
				98FA74B91F093D390076B51F /* Resources */,
			);
			buildRules = (
			);
			dependencies = (
				98FA74BD1F093D390076B51F /* PBXTargetDependency */,
			);
			name = HumanVerifyGestureTests;
			productName = HumanVerifyGestureTests;
			productReference = 98FA74BB1F093D390076B51F /* HumanVerifyGestureTests.xctest */;
			productType = "com.apple.product-type.bundle.unit-test";
		};
		98FA74C51F093D390076B51F /* HumanVerifyGestureUITests */ = {
			isa = PBXNativeTarget;
			buildConfigurationList = 98FA74D51F093D390076B51F /* Build configuration list for PBXNativeTarget "HumanVerifyGestureUITests" */;
			buildPhases = (
				98FA74C21F093D390076B51F /* Sources */,
				98FA74C31F093D390076B51F /* Frameworks */,
				98FA74C41F093D390076B51F /* Resources */,
			);
			buildRules = (
			);
			dependencies = (
				98FA74C81F093D390076B51F /* PBXTargetDependency */,
			);
			name = HumanVerifyGestureUITests;
			productName = HumanVerifyGestureUITests;
			productReference = 98FA74C61F093D390076B51F /* HumanVerifyGestureUITests.xctest */;
			productType = "com.apple.product-type.bundle.ui-testing";
		};
/* End PBXNativeTarget section */

/* Begin PBXProject section */
		98FA749F1F093D390076B51F /* Project object */ = {
			isa = PBXProject;
			attributes = {
				LastSwiftUpdateCheck = 0830;
				LastUpgradeCheck = 0830;
				ORGANIZATIONNAME = "Shebin Koshy";
				TargetAttributes = {
					98FA74A61F093D390076B51F = {
						CreatedOnToolsVersion = 8.3.3;
						LastSwiftMigration = 0830;
						ProvisioningStyle = Automatic;
					};
					98FA74BA1F093D390076B51F = {
						CreatedOnToolsVersion = 8.3.3;
						ProvisioningStyle = Automatic;
						TestTargetID = 98FA74A61F093D390076B51F;
					};
					98FA74C51F093D390076B51F = {
						CreatedOnToolsVersion = 8.3.3;
						ProvisioningStyle = Automatic;
						TestTargetID = 98FA74A61F093D390076B51F;
					};
				};
			};
			buildConfigurationList = 98FA74A21F093D390076B51F /* Build configuration list for PBXProject "HumanVerifyGesture" */;
			compatibilityVersion = "Xcode 3.2";
			developmentRegion = English;
			hasScannedForEncodings = 0;
			knownRegions = (
				en,
				Base,
			);
			mainGroup = 98FA749E1F093D390076B51F;
			productRefGroup = 98FA74A81F093D390076B51F /* Products */;
			projectDirPath = "";
			projectRoot = "";
			targets = (
				98FA74A61F093D390076B51F /* HumanVerifyGesture */,
				98FA74BA1F093D390076B51F /* HumanVerifyGestureTests */,
				98FA74C51F093D390076B51F /* HumanVerifyGestureUITests */,
			);
		};
/* End PBXProject section */

/* Begin PBXResourcesBuildPhase section */
		98FA74A51F093D390076B51F /* Resources */ = {
			isa = PBXResourcesBuildPhase;
			buildActionMask = 2147483647;
			files = (
				98FA74B51F093D390076B51F /* LaunchScreen.storyboard in Resources */,
				98FA74B21F093D390076B51F /* Assets.xcassets in Resources */,
				98FA74B01F093D390076B51F /* Main.storyboard in Resources */,
				98A8E0021F1262380046538E /* BezierUtilsLicense in Resources */,
			);
			runOnlyForDeploymentPostprocessing = 0;
		};
		98FA74B91F093D390076B51F /* Resources */ = {
			isa = PBXResourcesBuildPhase;
			buildActionMask = 2147483647;
			files = (
			);
			runOnlyForDeploymentPostprocessing = 0;
		};
		98FA74C41F093D390076B51F /* Resources */ = {
			isa = PBXResourcesBuildPhase;
			buildActionMask = 2147483647;
			files = (
			);
			runOnlyForDeploymentPostprocessing = 0;
		};
/* End PBXResourcesBuildPhase section */

/* Begin PBXSourcesBuildPhase section */
		98FA74A31F093D390076B51F /* Sources */ = {
			isa = PBXSourcesBuildPhase;
			buildActionMask = 2147483647;
			files = (
				98A8E00D1F12624D0046538E /* bezierclip.cxx in Sources */,
				98A8E0631F1262890046538E /* UIBezierPath+NSOSX.m in Sources */,
				98A8E0571F1262890046538E /* DKUIBezierPathClippingResult.m in Sources */,
				98A8E05A1F1262890046538E /* DKUIBezierPathShape.m in Sources */,
				98A8E0041F1262380046538E /* matrix.cpp in Sources */,
				98A8E05B1F1262890046538E /* DKTangentAtPoint.m in Sources */,
				98A8E0601F1262890046538E /* UIBezierPath+Clockwise.m in Sources */,
				98A8E00E1F12624D0046538E /* convexhull.cxx in Sources */,
				98A8E0531F1262890046538E /* UIBezierPath+DKOSX.m in Sources */,
				98A8E0511F1262890046538E /* UIBezierPath+Clipping.mm in Sources */,
				98A8E05F1F1262890046538E /* UIBezierPath+Center.m in Sources */,
				98B55D7C1F111FEF00CE8E77 /* MyViewController.m in Sources */,
				98A8E04E1F1262890046538E /* JRSwizzle.m in Sources */,
				98A8E0521F1262890046538E /* UIBezierPath+GeometryExtras.m in Sources */,
				98A8E05E1F1262890046538E /* UIBezierPath+FirstLast.m in Sources */,
				98A8E0071F1262380046538E /* bezier-clipping.mm in Sources */,
				98A8E0501F1262890046538E /* MMBackwardCompatible.m in Sources */,
				98A8E0621F1262890046538E /* UIBezierPath+Description.m in Sources */,
				98A8E0121F1262640046538E /* NearestPoint.c in Sources */,
				98A8E0671F1262890046538E /* UIBezierPath+Util.m in Sources */,
				98A8E0641F1262890046538E /* UIBezierPath+Performance.m in Sources */,
				98A8E04F1F1262890046538E /* DKVector.m in Sources */,
				98A8E0561F1262890046538E /* DKUIBezierPathClippedSegment.m in Sources */,
				98A8E0661F1262890046538E /* UIBezierPath+Uncached.m in Sources */,
				98B55D791F110EFC00CE8E77 /* LineManager.m in Sources */,
				98A8E0611F1262890046538E /* UIBezierPath+Equals.m in Sources */,
				98FA74AD1F093D390076B51F /* ViewController.swift in Sources */,
				98A8E0591F1262890046538E /* DKUIBezierUnmatchedPathIntersectionPoint.m in Sources */,
				98A8E0581F1262890046538E /* DKUIBezierPathIntersectionPoint.m in Sources */,
				98B55D721F1106EB00CE8E77 /* AGKLine.m in Sources */,
				98A8E0051F1262380046538E /* point.cpp in Sources */,
				98A8E0061F1262380046538E /* transforms.cpp in Sources */,
				98B55D761F11083400CE8E77 /* CGGeometry+AGGeometryKit.m in Sources */,
				98FA74AB1F093D390076B51F /* AppDelegate.swift in Sources */,
				98A8E05C1F1262890046538E /* DKIntersectionOfPaths.m in Sources */,
				98A8E05D1F1262890046538E /* UIBezierPathProperties.m in Sources */,
				98A8E0031F1262380046538E /* bezier-utils.cpp in Sources */,
				98A8E0651F1262890046538E /* UIBezierPath+Trim.m in Sources */,
				98A8E0541F1262890046538E /* UIBezierPath+Intersections.m in Sources */,
				98A8E0551F1262890046538E /* UIBezierPath+Ahmed.m in Sources */,
			);
			runOnlyForDeploymentPostprocessing = 0;
		};
		98FA74B71F093D390076B51F /* Sources */ = {
			isa = PBXSourcesBuildPhase;
			buildActionMask = 2147483647;
			files = (
				98FA74C01F093D390076B51F /* HumanVerifyGestureTests.swift in Sources */,
			);
			runOnlyForDeploymentPostprocessing = 0;
		};
		98FA74C21F093D390076B51F /* Sources */ = {
			isa = PBXSourcesBuildPhase;
			buildActionMask = 2147483647;
			files = (
				98FA74CB1F093D390076B51F /* HumanVerifyGestureUITests.swift in Sources */,
			);
			runOnlyForDeploymentPostprocessing = 0;
		};
/* End PBXSourcesBuildPhase section */

/* Begin PBXTargetDependency section */
		98FA74BD1F093D390076B51F /* PBXTargetDependency */ = {
			isa = PBXTargetDependency;
			target = 98FA74A61F093D390076B51F /* HumanVerifyGesture */;
			targetProxy = 98FA74BC1F093D390076B51F /* PBXContainerItemProxy */;
		};
		98FA74C81F093D390076B51F /* PBXTargetDependency */ = {
			isa = PBXTargetDependency;
			target = 98FA74A61F093D390076B51F /* HumanVerifyGesture */;
			targetProxy = 98FA74C71F093D390076B51F /* PBXContainerItemProxy */;
		};
/* End PBXTargetDependency section */

/* Begin PBXVariantGroup section */
		98FA74AE1F093D390076B51F /* Main.storyboard */ = {
			isa = PBXVariantGroup;
			children = (
				98FA74AF1F093D390076B51F /* Base */,
			);
			name = Main.storyboard;
			sourceTree = "<group>";
		};
		98FA74B31F093D390076B51F /* LaunchScreen.storyboard */ = {
			isa = PBXVariantGroup;
			children = (
				98FA74B41F093D390076B51F /* Base */,
			);
			name = LaunchScreen.storyboard;
			sourceTree = "<group>";
		};
/* End PBXVariantGroup section */

/* Begin XCBuildConfiguration section */
		98FA74CD1F093D390076B51F /* Debug */ = {
			isa = XCBuildConfiguration;
			buildSettings = {
				ALWAYS_SEARCH_USER_PATHS = NO;
				CLANG_ANALYZER_NONNULL = YES;
				CLANG_ANALYZER_NUMBER_OBJECT_CONVERSION = YES_AGGRESSIVE;
				CLANG_CXX_LANGUAGE_STANDARD = "gnu++0x";
				CLANG_CXX_LIBRARY = "libc++";
				CLANG_ENABLE_MODULES = YES;
				CLANG_ENABLE_OBJC_ARC = YES;
				CLANG_WARN_BOOL_CONVERSION = YES;
				CLANG_WARN_CONSTANT_CONVERSION = YES;
				CLANG_WARN_DIRECT_OBJC_ISA_USAGE = YES_ERROR;
				CLANG_WARN_DOCUMENTATION_COMMENTS = YES;
				CLANG_WARN_EMPTY_BODY = YES;
				CLANG_WARN_ENUM_CONVERSION = YES;
				CLANG_WARN_INFINITE_RECURSION = YES;
				CLANG_WARN_INT_CONVERSION = YES;
				CLANG_WARN_OBJC_ROOT_CLASS = YES_ERROR;
				CLANG_WARN_SUSPICIOUS_MOVE = YES;
				CLANG_WARN_UNREACHABLE_CODE = YES;
				CLANG_WARN__DUPLICATE_METHOD_MATCH = YES;
				"CODE_SIGN_IDENTITY[sdk=iphoneos*]" = "iPhone Developer";
				COPY_PHASE_STRIP = NO;
				DEBUG_INFORMATION_FORMAT = dwarf;
				ENABLE_STRICT_OBJC_MSGSEND = YES;
				ENABLE_TESTABILITY = YES;
				GCC_C_LANGUAGE_STANDARD = gnu99;
				GCC_DYNAMIC_NO_PIC = NO;
				GCC_NO_COMMON_BLOCKS = YES;
				GCC_OPTIMIZATION_LEVEL = 0;
				GCC_PREPROCESSOR_DEFINITIONS = (
					"DEBUG=1",
					"$(inherited)",
				);
				GCC_WARN_64_TO_32_BIT_CONVERSION = YES;
				GCC_WARN_ABOUT_RETURN_TYPE = YES_ERROR;
				GCC_WARN_UNDECLARED_SELECTOR = YES;
				GCC_WARN_UNINITIALIZED_AUTOS = YES_AGGRESSIVE;
				GCC_WARN_UNUSED_FUNCTION = YES;
				GCC_WARN_UNUSED_VARIABLE = YES;
				IPHONEOS_DEPLOYMENT_TARGET = 10.3;
				MTL_ENABLE_DEBUG_INFO = YES;
				ONLY_ACTIVE_ARCH = YES;
				SDKROOT = iphoneos;
				SWIFT_ACTIVE_COMPILATION_CONDITIONS = DEBUG;
				SWIFT_OPTIMIZATION_LEVEL = "-Onone";
				TARGETED_DEVICE_FAMILY = "1,2";
			};
			name = Debug;
		};
		98FA74CE1F093D390076B51F /* Release */ = {
			isa = XCBuildConfiguration;
			buildSettings = {
				ALWAYS_SEARCH_USER_PATHS = NO;
				CLANG_ANALYZER_NONNULL = YES;
				CLANG_ANALYZER_NUMBER_OBJECT_CONVERSION = YES_AGGRESSIVE;
				CLANG_CXX_LANGUAGE_STANDARD = "gnu++0x";
				CLANG_CXX_LIBRARY = "libc++";
				CLANG_ENABLE_MODULES = YES;
				CLANG_ENABLE_OBJC_ARC = YES;
				CLANG_WARN_BOOL_CONVERSION = YES;
				CLANG_WARN_CONSTANT_CONVERSION = YES;
				CLANG_WARN_DIRECT_OBJC_ISA_USAGE = YES_ERROR;
				CLANG_WARN_DOCUMENTATION_COMMENTS = YES;
				CLANG_WARN_EMPTY_BODY = YES;
				CLANG_WARN_ENUM_CONVERSION = YES;
				CLANG_WARN_INFINITE_RECURSION = YES;
				CLANG_WARN_INT_CONVERSION = YES;
				CLANG_WARN_OBJC_ROOT_CLASS = YES_ERROR;
				CLANG_WARN_SUSPICIOUS_MOVE = YES;
				CLANG_WARN_UNREACHABLE_CODE = YES;
				CLANG_WARN__DUPLICATE_METHOD_MATCH = YES;
				"CODE_SIGN_IDENTITY[sdk=iphoneos*]" = "iPhone Developer";
				COPY_PHASE_STRIP = NO;
				DEBUG_INFORMATION_FORMAT = "dwarf-with-dsym";
				ENABLE_NS_ASSERTIONS = NO;
				ENABLE_STRICT_OBJC_MSGSEND = YES;
				GCC_C_LANGUAGE_STANDARD = gnu99;
				GCC_NO_COMMON_BLOCKS = YES;
				GCC_WARN_64_TO_32_BIT_CONVERSION = YES;
				GCC_WARN_ABOUT_RETURN_TYPE = YES_ERROR;
				GCC_WARN_UNDECLARED_SELECTOR = YES;
				GCC_WARN_UNINITIALIZED_AUTOS = YES_AGGRESSIVE;
				GCC_WARN_UNUSED_FUNCTION = YES;
				GCC_WARN_UNUSED_VARIABLE = YES;
				IPHONEOS_DEPLOYMENT_TARGET = 10.3;
				MTL_ENABLE_DEBUG_INFO = NO;
				SDKROOT = iphoneos;
				SWIFT_OPTIMIZATION_LEVEL = "-Owholemodule";
				TARGETED_DEVICE_FAMILY = "1,2";
				VALIDATE_PRODUCT = YES;
			};
			name = Release;
		};
		98FA74D01F093D390076B51F /* Debug */ = {
			isa = XCBuildConfiguration;
			buildSettings = {
				ASSETCATALOG_COMPILER_APPICON_NAME = AppIcon;
				CLANG_ENABLE_MODULES = YES;
				INFOPLIST_FILE = HumanVerifyGesture/Info.plist;
				LD_RUNPATH_SEARCH_PATHS = "$(inherited) @executable_path/Frameworks";
				PRODUCT_BUNDLE_IDENTIFIER = ShebinKoshy.HumanVerifyGesture;
				PRODUCT_NAME = "$(TARGET_NAME)";
				SWIFT_OBJC_BRIDGING_HEADER = "HumanVerifyGesture/HumanVerifyGesture-Bridging-Header.h";
				SWIFT_OPTIMIZATION_LEVEL = "-Onone";
				SWIFT_VERSION = 3.0;
			};
			name = Debug;
		};
		98FA74D11F093D390076B51F /* Release */ = {
			isa = XCBuildConfiguration;
			buildSettings = {
				ASSETCATALOG_COMPILER_APPICON_NAME = AppIcon;
				CLANG_ENABLE_MODULES = YES;
				INFOPLIST_FILE = HumanVerifyGesture/Info.plist;
				LD_RUNPATH_SEARCH_PATHS = "$(inherited) @executable_path/Frameworks";
				PRODUCT_BUNDLE_IDENTIFIER = ShebinKoshy.HumanVerifyGesture;
				PRODUCT_NAME = "$(TARGET_NAME)";
				SWIFT_OBJC_BRIDGING_HEADER = "HumanVerifyGesture/HumanVerifyGesture-Bridging-Header.h";
				SWIFT_VERSION = 3.0;
			};
			name = Release;
		};
		98FA74D31F093D390076B51F /* Debug */ = {
			isa = XCBuildConfiguration;
			buildSettings = {
				ALWAYS_EMBED_SWIFT_STANDARD_LIBRARIES = YES;
				BUNDLE_LOADER = "$(TEST_HOST)";
				INFOPLIST_FILE = HumanVerifyGestureTests/Info.plist;
				LD_RUNPATH_SEARCH_PATHS = "$(inherited) @executable_path/Frameworks @loader_path/Frameworks";
				PRODUCT_BUNDLE_IDENTIFIER = ShebinKoshy.HumanVerifyGestureTests;
				PRODUCT_NAME = "$(TARGET_NAME)";
				SWIFT_VERSION = 3.0;
				TEST_HOST = "$(BUILT_PRODUCTS_DIR)/HumanVerifyGesture.app/HumanVerifyGesture";
			};
			name = Debug;
		};
		98FA74D41F093D390076B51F /* Release */ = {
			isa = XCBuildConfiguration;
			buildSettings = {
				ALWAYS_EMBED_SWIFT_STANDARD_LIBRARIES = YES;
				BUNDLE_LOADER = "$(TEST_HOST)";
				INFOPLIST_FILE = HumanVerifyGestureTests/Info.plist;
				LD_RUNPATH_SEARCH_PATHS = "$(inherited) @executable_path/Frameworks @loader_path/Frameworks";
				PRODUCT_BUNDLE_IDENTIFIER = ShebinKoshy.HumanVerifyGestureTests;
				PRODUCT_NAME = "$(TARGET_NAME)";
				SWIFT_VERSION = 3.0;
				TEST_HOST = "$(BUILT_PRODUCTS_DIR)/HumanVerifyGesture.app/HumanVerifyGesture";
			};
			name = Release;
		};
		98FA74D61F093D390076B51F /* Debug */ = {
			isa = XCBuildConfiguration;
			buildSettings = {
				ALWAYS_EMBED_SWIFT_STANDARD_LIBRARIES = YES;
				INFOPLIST_FILE = HumanVerifyGestureUITests/Info.plist;
				LD_RUNPATH_SEARCH_PATHS = "$(inherited) @executable_path/Frameworks @loader_path/Frameworks";
				PRODUCT_BUNDLE_IDENTIFIER = ShebinKoshy.HumanVerifyGestureUITests;
				PRODUCT_NAME = "$(TARGET_NAME)";
				SWIFT_VERSION = 3.0;
				TEST_TARGET_NAME = HumanVerifyGesture;
			};
			name = Debug;
		};
		98FA74D71F093D390076B51F /* Release */ = {
			isa = XCBuildConfiguration;
			buildSettings = {
				ALWAYS_EMBED_SWIFT_STANDARD_LIBRARIES = YES;
				INFOPLIST_FILE = HumanVerifyGestureUITests/Info.plist;
				LD_RUNPATH_SEARCH_PATHS = "$(inherited) @executable_path/Frameworks @loader_path/Frameworks";
				PRODUCT_BUNDLE_IDENTIFIER = ShebinKoshy.HumanVerifyGestureUITests;
				PRODUCT_NAME = "$(TARGET_NAME)";
				SWIFT_VERSION = 3.0;
				TEST_TARGET_NAME = HumanVerifyGesture;
			};
			name = Release;
		};
/* End XCBuildConfiguration section */

/* Begin XCConfigurationList section */
		98FA74A21F093D390076B51F /* Build configuration list for PBXProject "HumanVerifyGesture" */ = {
			isa = XCConfigurationList;
			buildConfigurations = (
				98FA74CD1F093D390076B51F /* Debug */,
				98FA74CE1F093D390076B51F /* Release */,
			);
			defaultConfigurationIsVisible = 0;
			defaultConfigurationName = Release;
		};
		98FA74CF1F093D390076B51F /* Build configuration list for PBXNativeTarget "HumanVerifyGesture" */ = {
			isa = XCConfigurationList;
			buildConfigurations = (
				98FA74D01F093D390076B51F /* Debug */,
				98FA74D11F093D390076B51F /* Release */,
			);
			defaultConfigurationIsVisible = 0;
			defaultConfigurationName = Release;
		};
		98FA74D21F093D390076B51F /* Build configuration list for PBXNativeTarget "HumanVerifyGestureTests" */ = {
			isa = XCConfigurationList;
			buildConfigurations = (
				98FA74D31F093D390076B51F /* Debug */,
				98FA74D41F093D390076B51F /* Release */,
			);
			defaultConfigurationIsVisible = 0;
			defaultConfigurationName = Release;
		};
		98FA74D51F093D390076B51F /* Build configuration list for PBXNativeTarget "HumanVerifyGestureUITests" */ = {
			isa = XCConfigurationList;
			buildConfigurations = (
				98FA74D61F093D390076B51F /* Debug */,
				98FA74D71F093D390076B51F /* Release */,
			);
			defaultConfigurationIsVisible = 0;
			defaultConfigurationName = Release;
		};
/* End XCConfigurationList section */
	};
	rootObject = 98FA749F1F093D390076B51F /* Project object */;
}
